<?xml version="1.0" encoding="utf-8"?>
<Project ToolsVersion="4.0" xmlns="http://schemas.microsoft.com/developer/msbuild/2003">
  <ItemGroup>
    <Filter Include="inc">
      <UniqueIdentifier>{93995380-89BD-4b04-88EB-625FBE52EBFB}</UniqueIdentifier>
      <Extensions>h;hpp;hxx;hm;inl;inc;xsd</Extensions>
    </Filter>
    <Filter Include="src">
      <UniqueIdentifier>{4FC737F1-C7A5-4376-A066-2A32D752A2FF}</UniqueIdentifier>
      <Extensions>cpp;c;cc;cxx;def;odl;idl;hpj;bat;asm;asmx</Extensions>
    </Filter>
    <Filter Include="cfg">
      <UniqueIdentifier>{f6a172bc-a77b-4ee2-860d-7465e77e1a4d}</UniqueIdentifier>
    </Filter>
  </ItemGroup>
  <ItemGroup>
    <ClInclude Include="test_base.h">
      <Filter>inc</Filter>
    </ClInclude>
    <ClInclude Include="simple_math.h">
      <Filter>inc</Filter>
    </ClInclude>
  </ItemGroup>
  <ItemGroup>
    <ClCompile Include="test_base.cpp">
      <Filter>src</Filter>
    </ClCompile>
    <ClCompile Include="test_base_thread.cpp">
      <Filter>src</Filter>
    </ClCompile>
    <ClCompile Include="test_base_base64.cpp">
      <Filter>src</Filter>
    </ClCompile>
    <ClCompile Include="test_base_directory.cpp">
      <Filter>src</Filter>
    </ClCompile>
    <ClCompile Include="test_base_exception.cpp">
      <Filter>src</Filter>
    </ClCompile>
    <ClCompile Include="test_base_guard.cpp">
      <Filter>src</Filter>
    </ClCompile>
    <ClCompile Include="test_base_hex.cpp">
      <Filter>src</Filter>
    </ClCompile>
    <ClCompile Include="test_base_id_manager.cpp">
      <Filter>src</Filter>
    </ClCompile>
    <ClCompile Include="test_base_ini.cpp">
      <Filter>src</Filter>
    </ClCompile>
    <ClCompile Include="test_base_locker.cpp">
      <Filter>src</Filter>
    </ClCompile>
    <ClCompile Include="test_base_log.cpp">
      <Filter>src</Filter>
    </ClCompile>
    <ClCompile Include="test_base_memory.cpp">
      <Filter>src</Filter>
    </ClCompile>
    <ClCompile Include="test_base_multi_timer.cpp">
      <Filter>src</Filter>
    </ClCompile>
    <ClCompile Include="test_base_object_pool.cpp">
      <Filter>src</Filter>
    </ClCompile>
    <ClCompile Include="test_base_single_timer.cpp">
      <Filter>src</Filter>
    </ClCompile>
    <ClCompile Include="test_base_bytestream.cpp">
      <Filter>src</Filter>
    </ClCompile>
    <ClCompile Include="test_base_singleton.cpp">
      <Filter>src</Filter>
    </ClCompile>
    <ClCompile Include="test_base_splitter.cpp">
      <Filter>src</Filter>
    </ClCompile>
    <ClCompile Include="test_base_string.cpp">
      <Filter>src</Filter>
    </ClCompile>
    <ClCompile Include="test_base_bcd.cpp">
      <Filter>src</Filter>
    </ClCompile>
    <ClCompile Include="test_base_time.cpp">
      <Filter>src</Filter>
    </ClCompile>
    <ClCompile Include="test_base_charset.cpp">
      <Filter>src</Filter>
    </ClCompile>
    <ClCompile Include="test_base_counter.cpp">
      <Filter>src</Filter>
    </ClCompile>
    <ClCompile Include="test_base_bitmap.cpp">
      <Filter>src</Filter>
    </ClCompile>
    <ClCompile Include="test_base_thread_local_storage.cpp">
      <Filter>src</Filter>
    </ClCompile>
    <ClCompile Include="test_base_utility.cpp">
      <Filter>src</Filter>
    </ClCompile>
    <ClCompile Include="test_base_xml.cpp">
      <Filter>src</Filter>
    </ClCompile>
    <ClCompile Include="test_base_library.cpp">
      <Filter>src</Filter>
    </ClCompile>
  </ItemGroup>
  <ItemGroup>
    <None Include="log.ini">
      <Filter>cfg</Filter>
    </None>
    <None Include="test.ini">
      <Filter>cfg</Filter>
    </None>
  </ItemGroup>
  <ItemGroup>
    <Xml Include="test.xml">
      <Filter>cfg</Filter>
    </Xml>
  </ItemGroup>
</Project>